
Microsoft Visual Studio Solution File, Format Version 12.00
# Visual Studio Version 16
VisualStudioVersion = 16.0.30611.23
MinimumVisualStudioVersion = 10.0.40219.1
Project("{FAE04EC0-301F-11D3-BF4B-00C04F79EFBC}") = "UsefulExtensionCollection.Test", "test\UsefulExtensionCollection.Test.csproj", "{025142B2-3046-4D9B-A7BB-0C95C98BC5BF}"
EndProject
Project("{9A19103F-16F7-4668-BE54-9A1E7A4F7556}") = "UsefulExtensionCollection", "src\UsefulExtensionCollection.csproj", "{B361E5A3-FD62-497F-B5E0-24795621BCEF}"
EndProject
Global
	GlobalSection(SolutionConfigurationPlatforms) = preSolution
		Debug|Any CPU = Debug|Any CPU
		Release|Any CPU = Release|Any CPU
	EndGlobalSection
	GlobalSection(ProjectConfigurationPlatforms) = postSolution
		{025142B2-3046-4D9B-A7BB-0C95C98BC5BF}.Debug|Any CPU.ActiveCfg = Debug|Any CPU
		{025142B2-3046-4D9B-A7BB-0C95C98BC5BF}.Debug|Any CPU.Build.0 = Debug|Any CPU
		{025142B2-3046-4D9B-A7BB-0C95C98BC5BF}.Release|Any CPU.ActiveCfg = Release|Any CPU
		{025142B2-3046-4D9B-A7BB-0C95C98BC5BF}.Release|Any CPU.Build.0 = Release|Any CPU
		{B361E5A3-FD62-497F-B5E0-24795621BCEF}.Debug|Any CPU.ActiveCfg = Debug|Any CPU
		{B361E5A3-FD62-497F-B5E0-24795621BCEF}.Debug|Any CPU.Build.0 = Debug|Any CPU
		{B361E5A3-FD62-497F-B5E0-24795621BCEF}.Release|Any CPU.ActiveCfg = Release|Any CPU
		{B361E5A3-FD62-497F-B5E0-24795621BCEF}.Release|Any CPU.Build.0 = Release|Any CPU
	EndGlobalSection
	GlobalSection(SolutionProperties) = preSolution
		HideSolutionNode = FALSE
	EndGlobalSection
	GlobalSection(ExtensibilityGlobals) = postSolution
		SolutionGuid = {6C151BB3-4F9E-4DB5-9DAC-9D5F697E1B6B}
	EndGlobalSection
EndGlobal
